# This file is generated by running "yarn install" inside your project.
# Manual changes might be lost - proceed with caution!

__metadata:
  version: 6
  cacheKey: 8

"@fidm/asn1@npm:^1.0.4":
  version: 1.0.4
  resolution: "@fidm/asn1@npm:1.0.4"
  checksum: cc228cb7d396b2c038311da799bc32c52157772628ca1a25de25d5897420738d96dd72a5effa2241f438a99fc5cc998e1a9240b4ee746b45d474ef879352309a
  languageName: node
  linkType: hard

"@fidm/x509@npm:^1.2.1":
  version: 1.2.1
  resolution: "@fidm/x509@npm:1.2.1"
  dependencies:
    "@fidm/asn1": ^1.0.4
    tweetnacl: ^1.0.1
  checksum: e38d75111928974e886c5bf438c31165d3e177f96b5f84aa02d5d38cc6e4ab6bced6b590cb438f0ab8f7a2e14d68dea24fc57115b064dda4b0a96da659a86758
  languageName: node
  linkType: hard

"@skeldjs/client@npm:^2.15.34":
  version: 2.15.34
  resolution: "@skeldjs/client@npm:2.15.34"
  dependencies:
    "@skeldjs/constant": 2.15.34
    "@skeldjs/core": 2.15.34
    "@skeldjs/data": 2.15.34
    "@skeldjs/dtls": 2.15.34
    "@skeldjs/eos": 2.15.34
    "@skeldjs/events": 2.15.34
    "@skeldjs/protocol": 2.15.34
    "@skeldjs/state": 2.15.34
    "@skeldjs/util": 2.15.34
    node-fetch: 2
  checksum: 19cbf33d64fba7f4743c9463f45fd1d1f730c5be7fd17a8bb447e8e70a8ebed34485909fece0579e6f8049d4b82ed47928a76bbabf8fda5a208c09195a541474
  languageName: node
  linkType: hard

"@skeldjs/constant@npm:2.15.34, @skeldjs/constant@npm:^2.15.34":
  version: 2.15.34
  resolution: "@skeldjs/constant@npm:2.15.34"
  dependencies:
    "@skeldjs/util": 2.15.34
  checksum: a7b1c85016ec88fe645d5007fa035f760bff31b90251d130d2391c5e96e4ff1e9efe5646ccc31eb5da2c4fbe9f9dbad8c9c23cd00709370be11240eb13b010d2
  languageName: node
  linkType: hard

"@skeldjs/core@npm:2.15.34":
  version: 2.15.34
  resolution: "@skeldjs/core@npm:2.15.34"
  dependencies:
    "@skeldjs/constant": 2.15.34
    "@skeldjs/data": 2.15.34
    "@skeldjs/events": 2.15.34
    "@skeldjs/protocol": 2.15.34
    "@skeldjs/util": 2.15.34
  checksum: 26c1ce29161b82d7fc0cf4db055406bc69f61a197795698518f9ee4a03f489ad1a17e1f700801c95afec2f9208d32776538470da397f0ad4afaaa9824447a336
  languageName: node
  linkType: hard

"@skeldjs/data@npm:2.15.34":
  version: 2.15.34
  resolution: "@skeldjs/data@npm:2.15.34"
  dependencies:
    "@skeldjs/constant": 2.15.34
    "@skeldjs/util": 2.15.34
  checksum: 756264c44d87244eaf74e8e139c50413fc213c3da20da7b4c85f5a0c4ae23b71318124151f51d4fc2ee1a00dc7293ca7704313c7aa1b42e9848dc130ef4c6243
  languageName: node
  linkType: hard

"@skeldjs/dtls@npm:2.15.34":
  version: 2.15.34
  resolution: "@skeldjs/dtls@npm:2.15.34"
  dependencies:
    "@fidm/x509": ^1.2.1
    "@skeldjs/util": 2.15.34
  checksum: 99a86d5800a39c354a4223f6b6c932483b8de1e103a6f7b3968631ba92baa39b26ddc5dbfea3cf8d0722478632480353b12059062e4d27812826fb2db0e9fb1b
  languageName: node
  linkType: hard

"@skeldjs/eos@npm:2.15.34":
  version: 2.15.34
  resolution: "@skeldjs/eos@npm:2.15.34"
  dependencies:
    node-fetch: 2
  checksum: 6821f180f0e647223551ff42b80270e2d96de663db21c06c4517ec48750320e75b866704613d62dc9d7b96902a393b2c0922a5597363088dad2990898c3632cb
  languageName: node
  linkType: hard

"@skeldjs/events@npm:2.15.34":
  version: 2.15.34
  resolution: "@skeldjs/events@npm:2.15.34"
  checksum: 97acef9ce02411140b1841757d0b3c8d34222f4b32f24130fabca7fec26fe0b533618fcb31ada6c356dbcf5b4a81a1b89804e636e1dfc941ee0f57374134f165
  languageName: node
  linkType: hard

"@skeldjs/protocol@npm:2.15.34, @skeldjs/protocol@npm:^2.15.34":
  version: 2.15.34
  resolution: "@skeldjs/protocol@npm:2.15.34"
  dependencies:
    "@skeldjs/constant": 2.15.34
    "@skeldjs/util": 2.15.34
  checksum: 7017a333550085cbb3264adb99d8ef6c8571810b3c57cedb5a47dcd2f21820b82d0898842b23421c725f398add663b131033a08f9e941281d41c2a8af8339e75
  languageName: node
  linkType: hard

"@skeldjs/state@npm:2.15.34":
  version: 2.15.34
  resolution: "@skeldjs/state@npm:2.15.34"
  dependencies:
    "@skeldjs/core": 2.15.34
    "@skeldjs/protocol": 2.15.34
    "@skeldjs/util": 2.15.34
  checksum: 76dbc1a580cd0b1e37da108d13a4fbdc9cff0cb8dde6574bc7f82a4244456eeef6d3a2dff5e0bbcee77b22ae088d7ec7dea3b480e8c076d6ee57e436969f7f58
  languageName: node
  linkType: hard

"@skeldjs/util@npm:2.15.34, @skeldjs/util@npm:^2.15.34":
  version: 2.15.34
  resolution: "@skeldjs/util@npm:2.15.34"
  checksum: 3ac0ac319867d592234e2fd1cb6541686c9fa11ea4e7cf6869f3b49ce3384917bd921bf2d66a7a4edb4b42a36d26b0b57a06392e7c11b0f27e3f562f735fb7c4
  languageName: node
  linkType: hard

"cli-argparse@npm:^1.1.2":
  version: 1.1.2
  resolution: "cli-argparse@npm:1.1.2"
  checksum: 7e2ad881e1a43a694fb8d1b40091910ff04cc9acb29351db6f822114226509172e1ac3c5f6ec119873bc2dfc857d2f56a586989c9e7f79ce5911c2851fcdf7af
  languageName: node
  linkType: hard

"node-fetch@npm:2":
  version: 2.6.7
  resolution: "node-fetch@npm:2.6.7"
  dependencies:
    whatwg-url: ^5.0.0
  peerDependencies:
    encoding: ^0.1.0
  peerDependenciesMeta:
    encoding:
      optional: true
  checksum: 8d816ffd1ee22cab8301c7756ef04f3437f18dace86a1dae22cf81db8ef29c0bf6655f3215cb0cdb22b420b6fe141e64b26905e7f33f9377a7fa59135ea3e10b
  languageName: node
  linkType: hard

"skeldjs-perf-testing@workspace:.":
  version: 0.0.0-use.local
  resolution: "skeldjs-perf-testing@workspace:."
  dependencies:
    "@skeldjs/client": ^2.15.34
    "@skeldjs/constant": ^2.15.34
    "@skeldjs/protocol": ^2.15.34
    "@skeldjs/util": ^2.15.34
    cli-argparse: ^1.1.2
  languageName: unknown
  linkType: soft

"tr46@npm:~0.0.3":
  version: 0.0.3
  resolution: "tr46@npm:0.0.3"
  checksum: 726321c5eaf41b5002e17ffbd1fb7245999a073e8979085dacd47c4b4e8068ff5777142fc6726d6ca1fd2ff16921b48788b87225cbc57c72636f6efa8efbffe3
  languageName: node
  linkType: hard

"tweetnacl@npm:^1.0.1":
  version: 1.0.3
  resolution: "tweetnacl@npm:1.0.3"
  checksum: e4a57cac188f0c53f24c7a33279e223618a2bfb5fea426231991652a13247bea06b081fd745d71291fcae0f4428d29beba1b984b1f1ce6f66b06a6d1ab90645c
  languageName: node
  linkType: hard

"webidl-conversions@npm:^3.0.0":
  version: 3.0.1
  resolution: "webidl-conversions@npm:3.0.1"
  checksum: c92a0a6ab95314bde9c32e1d0a6dfac83b578f8fa5f21e675bc2706ed6981bc26b7eb7e6a1fab158e5ce4adf9caa4a0aee49a52505d4d13c7be545f15021b17c
  languageName: node
  linkType: hard

"whatwg-url@npm:^5.0.0":
  version: 5.0.0
  resolution: "whatwg-url@npm:5.0.0"
  dependencies:
    tr46: ~0.0.3
    webidl-conversions: ^3.0.0
  checksum: b8daed4ad3356cc4899048a15b2c143a9aed0dfae1f611ebd55073310c7b910f522ad75d727346ad64203d7e6c79ef25eafd465f4d12775ca44b90fa82ed9e2c
  languageName: node
  linkType: hard
