# This file is generated by running "yarn install" inside your project.
# Manual changes might be lost - proceed with caution!

__metadata:
  version: 4
  cacheKey: 8

"@fidm/asn1@npm:^1.0.4":
  version: 1.0.4
  resolution: "@fidm/asn1@npm:1.0.4"
  checksum: cc228cb7d396b2c038311da799bc32c52157772628ca1a25de25d5897420738d96dd72a5effa2241f438a99fc5cc998e1a9240b4ee746b45d474ef879352309a
  languageName: node
  linkType: hard

"@fidm/x509@npm:^1.2.1":
  version: 1.2.1
  resolution: "@fidm/x509@npm:1.2.1"
  dependencies:
    "@fidm/asn1": ^1.0.4
    tweetnacl: ^1.0.1
  checksum: e38d75111928974e886c5bf438c31165d3e177f96b5f84aa02d5d38cc6e4ab6bced6b590cb438f0ab8f7a2e14d68dea24fc57115b064dda4b0a96da659a86758
  languageName: node
  linkType: hard

"@skeldjs/client@npm:^2.11.15":
  version: 2.11.15
  resolution: "@skeldjs/client@npm:2.11.15"
  dependencies:
    "@skeldjs/constant": 2.11.15
    "@skeldjs/core": 2.11.15
    "@skeldjs/data": 2.11.15
    "@skeldjs/dtls": 2.11.15
    "@skeldjs/events": 2.11.15
    "@skeldjs/protocol": 2.11.15
    "@skeldjs/state": 2.11.15
    "@skeldjs/util": 2.11.15
  checksum: d129f425c095e616087346d7fc2e203d790451396f6d67ea8e4b5e81a6574c9e8519ce3ee3b15cc15de2863ea1c6880df07b19480139455b6152e778b0546c91
  languageName: node
  linkType: hard

"@skeldjs/constant@npm:2.11.15":
  version: 2.11.15
  resolution: "@skeldjs/constant@npm:2.11.15"
  dependencies:
    "@skeldjs/util": 2.11.15
  checksum: acb60952cfa5a67869716e9a653bbf483d06292a511ef59c5792f5d2156b1e96c3aeeef7e126565fad05d31555d291f6c5b9ac54104ab80240c3f77229facd67
  languageName: node
  linkType: hard

"@skeldjs/core@npm:2.11.15":
  version: 2.11.15
  resolution: "@skeldjs/core@npm:2.11.15"
  dependencies:
    "@skeldjs/constant": 2.11.15
    "@skeldjs/data": 2.11.15
    "@skeldjs/events": 2.11.15
    "@skeldjs/protocol": 2.11.15
    "@skeldjs/util": 2.11.15
  checksum: 63b25aa304aeb0a43e1c27dcf67cdfd00defb813d1e99645afb15bf23b59b5e3d99b9661957915c117b1a2877339eb9cd75d56ef780bc80404286513f0de5e11
  languageName: node
  linkType: hard

"@skeldjs/data@npm:2.11.15":
  version: 2.11.15
  resolution: "@skeldjs/data@npm:2.11.15"
  dependencies:
    "@skeldjs/constant": 2.11.15
    "@skeldjs/util": 2.11.15
  checksum: 4b2467f64ed241c5ad20ab3d43b63b4a70e6dec2dad44a2408eb01e6db01129f7978d471a5f66b4e5663ec6ce98512dd3b05e83c194ad6d52119dbb23fed0d7e
  languageName: node
  linkType: hard

"@skeldjs/dtls@npm:2.11.15":
  version: 2.11.15
  resolution: "@skeldjs/dtls@npm:2.11.15"
  dependencies:
    "@fidm/x509": ^1.2.1
    "@skeldjs/util": 2.11.15
  dependenciesMeta:
    node-aes-gcm:
      unplugged: false
  checksum: 90a92f5d89b298f692345875683ebec09674abf3c4cc3cbdd18ce8a178ee5a20630a49a3119a122b028fa74a6c4e44aa0bdc4a9bd6b9d4ae0f6ebabca4a74568
  languageName: node
  linkType: hard

"@skeldjs/events@npm:2.11.15":
  version: 2.11.15
  resolution: "@skeldjs/events@npm:2.11.15"
  checksum: 0d329c896fc12823fa3eaf8a3f7a7aab410f12746cfa10f254fca783869ad5d0e1ba084836f184dc84bde9608ef891313a902319d95e4dc4b9d2dc2854f7001e
  languageName: node
  linkType: hard

"@skeldjs/protocol@npm:2.11.15":
  version: 2.11.15
  resolution: "@skeldjs/protocol@npm:2.11.15"
  dependencies:
    "@skeldjs/constant": 2.11.15
    "@skeldjs/util": 2.11.15
  checksum: 1e6b4302d732f88d7f3489760bbe303964716ed8b58f1b1ecfacb7b1d71eff32c55801512cabb132ea8164a71f9b45e22a0071924dd14ae93314b4261454cd95
  languageName: node
  linkType: hard

"@skeldjs/state@npm:2.11.15":
  version: 2.11.15
  resolution: "@skeldjs/state@npm:2.11.15"
  dependencies:
    "@skeldjs/core": 2.11.15
    "@skeldjs/protocol": 2.11.15
    "@skeldjs/util": 2.11.15
  checksum: f2785f85be31c5b0d617b2b019aff3f1e3750e394aa6590aa1de392b650265620968bd7b347c1e1c47389a74e11438bfc0cdd92faa849dc7bdb210397a4eeeec
  languageName: node
  linkType: hard

"@skeldjs/util@npm:2.11.15, @skeldjs/util@npm:^2.11.15":
  version: 2.11.15
  resolution: "@skeldjs/util@npm:2.11.15"
  checksum: 0265d2a9230fa9417edb2223010b5951f5411428a7c79b03e2bfc3daaf2abbca06c20bbf357ad05ee302d1b1e22e85dbfdb691b816fed65880f41421cf511970
  languageName: node
  linkType: hard

"cli-argparse@npm:^1.1.2":
  version: 1.1.2
  resolution: "cli-argparse@npm:1.1.2"
  checksum: 7e2ad881e1a43a694fb8d1b40091910ff04cc9acb29351db6f822114226509172e1ac3c5f6ec119873bc2dfc857d2f56a586989c9e7f79ce5911c2851fcdf7af
  languageName: node
  linkType: hard

"skeldjs-perf-testing@workspace:.":
  version: 0.0.0-use.local
  resolution: "skeldjs-perf-testing@workspace:."
  dependencies:
    "@skeldjs/client": ^2.11.15
    "@skeldjs/util": ^2.11.15
    cli-argparse: ^1.1.2
  languageName: unknown
  linkType: soft

"tweetnacl@npm:^1.0.1":
  version: 1.0.3
  resolution: "tweetnacl@npm:1.0.3"
  checksum: e4a57cac188f0c53f24c7a33279e223618a2bfb5fea426231991652a13247bea06b081fd745d71291fcae0f4428d29beba1b984b1f1ce6f66b06a6d1ab90645c
  languageName: node
  linkType: hard
