# This file is generated by running "yarn install" inside your project.
# Manual changes might be lost - proceed with caution!

__metadata:
  version: 4
  cacheKey: 8

"@fidm/asn1@npm:^1.0.4":
  version: 1.0.4
  resolution: "@fidm/asn1@npm:1.0.4"
  checksum: cc228cb7d396b2c038311da799bc32c52157772628ca1a25de25d5897420738d96dd72a5effa2241f438a99fc5cc998e1a9240b4ee746b45d474ef879352309a
  languageName: node
  linkType: hard

"@fidm/x509@npm:^1.2.1":
  version: 1.2.1
  resolution: "@fidm/x509@npm:1.2.1"
  dependencies:
    "@fidm/asn1": ^1.0.4
    tweetnacl: ^1.0.1
  checksum: e38d75111928974e886c5bf438c31165d3e177f96b5f84aa02d5d38cc6e4ab6bced6b590cb438f0ab8f7a2e14d68dea24fc57115b064dda4b0a96da659a86758
  languageName: node
  linkType: hard

"@skeldjs/client@npm:^2.13.8":
  version: 2.13.8
  resolution: "@skeldjs/client@npm:2.13.8"
  dependencies:
    "@skeldjs/constant": 2.13.8
    "@skeldjs/core": 2.13.8
    "@skeldjs/data": 2.13.8
    "@skeldjs/dtls": 2.13.8
    "@skeldjs/events": 2.13.8
    "@skeldjs/protocol": 2.13.8
    "@skeldjs/state": 2.13.8
    "@skeldjs/util": 2.13.8
  checksum: 1acf135a6d364a79782ee5a95637e2abf8cc74c1b3cfeae8a50a1fb496dbbb4574df27ad23f09d6cd5a82aaf9e6c4ffedfc2c06ddf97d64a6fb4bf84e2932653
  languageName: node
  linkType: hard

"@skeldjs/constant@npm:2.13.8":
  version: 2.13.8
  resolution: "@skeldjs/constant@npm:2.13.8"
  dependencies:
    "@skeldjs/util": 2.13.8
  checksum: 73b25464274f4356d254f77b7b0db83af202eb4b2f9617fdf522f661fa1aac16a2df96f9185fa7eda69e8b544ca44644b3e225e2fa4cba31d1841e6ae915bc81
  languageName: node
  linkType: hard

"@skeldjs/core@npm:2.13.8":
  version: 2.13.8
  resolution: "@skeldjs/core@npm:2.13.8"
  dependencies:
    "@skeldjs/constant": 2.13.8
    "@skeldjs/data": 2.13.8
    "@skeldjs/events": 2.13.8
    "@skeldjs/protocol": 2.13.8
    "@skeldjs/util": 2.13.8
  checksum: 38f0619b29f2b56ed10cd160957e5427554148189c8dd12db80c74a8c71399aa2cffab61174f80dcdf29ea10bf4b1c1be9519c8c192e9748c487b27e26f72a10
  languageName: node
  linkType: hard

"@skeldjs/data@npm:2.13.8":
  version: 2.13.8
  resolution: "@skeldjs/data@npm:2.13.8"
  dependencies:
    "@skeldjs/constant": 2.13.8
    "@skeldjs/util": 2.13.8
  checksum: b98f3f4a8910b4633fd8e765e046b3eb671bbe5f90b2da17c03c3e3191640df1e6d853ee7f91c7ff0fceb37bfa913aa2f14e779bdadff678252865768a3fdf44
  languageName: node
  linkType: hard

"@skeldjs/dtls@npm:2.13.8":
  version: 2.13.8
  resolution: "@skeldjs/dtls@npm:2.13.8"
  dependencies:
    "@fidm/x509": ^1.2.1
    "@skeldjs/util": 2.13.8
  dependenciesMeta:
    node-aes-gcm:
      unplugged: false
  checksum: 5a2319ebef8e647cb65e6e4b673468b1e50bd4d28e087512d8c46668b16937a14364d8820c1d41cd40725eb680158cbc598e6039e885035f7dd4d1f5c56b189d
  languageName: node
  linkType: hard

"@skeldjs/events@npm:2.13.8":
  version: 2.13.8
  resolution: "@skeldjs/events@npm:2.13.8"
  checksum: 838ac8d47fb27d5ff71c7a2b96a8f2f02345c68365f6af4469188b476d9585f6ad5db3805568a4a23aca8eda37dc28d81b68222ae7a636b213860a16265fa3b4
  languageName: node
  linkType: hard

"@skeldjs/protocol@npm:2.13.8":
  version: 2.13.8
  resolution: "@skeldjs/protocol@npm:2.13.8"
  dependencies:
    "@skeldjs/constant": 2.13.8
    "@skeldjs/util": 2.13.8
  checksum: c5b88f0952afd1014ec599411bff3b207b1d2a26101c026718cd9fdbdfe7bfaaf615655d5bce1f3be72d7f71fd4457de8c9367a7df0f1917ae2dd2fb07ce520d
  languageName: node
  linkType: hard

"@skeldjs/state@npm:2.13.8":
  version: 2.13.8
  resolution: "@skeldjs/state@npm:2.13.8"
  dependencies:
    "@skeldjs/core": 2.13.8
    "@skeldjs/protocol": 2.13.8
    "@skeldjs/util": 2.13.8
  checksum: c846a182f97247557676e8227b4b18bdf47b7621588d691decbb60120fb1f5e27cb767d9aeebf7624d14e6ff82324c04f2d279137848f74a67f2659856e34c5f
  languageName: node
  linkType: hard

"@skeldjs/util@npm:2.13.8, @skeldjs/util@npm:^2.13.8":
  version: 2.13.8
  resolution: "@skeldjs/util@npm:2.13.8"
  checksum: 5f52ac2432763f61b6361dd5b1867501e8ae66fd90ccf89396005e4a43ba56f46f64da2b746a5e5339c7a51515e9233a271a067ff3565d86cc2e9633fd7976f8
  languageName: node
  linkType: hard

"cli-argparse@npm:^1.1.2":
  version: 1.1.2
  resolution: "cli-argparse@npm:1.1.2"
  checksum: 7e2ad881e1a43a694fb8d1b40091910ff04cc9acb29351db6f822114226509172e1ac3c5f6ec119873bc2dfc857d2f56a586989c9e7f79ce5911c2851fcdf7af
  languageName: node
  linkType: hard

"skeldjs-perf-testing@workspace:.":
  version: 0.0.0-use.local
  resolution: "skeldjs-perf-testing@workspace:."
  dependencies:
    "@skeldjs/client": ^2.13.8
    "@skeldjs/util": ^2.13.8
    cli-argparse: ^1.1.2
  languageName: unknown
  linkType: soft

"tweetnacl@npm:^1.0.1":
  version: 1.0.3
  resolution: "tweetnacl@npm:1.0.3"
  checksum: e4a57cac188f0c53f24c7a33279e223618a2bfb5fea426231991652a13247bea06b081fd745d71291fcae0f4428d29beba1b984b1f1ce6f66b06a6d1ab90645c
  languageName: node
  linkType: hard
